
Microsoft Visual Studio Solution File, Format Version 12.00
# Visual Studio Version 17
VisualStudioVersion = 17.9.34728.123
MinimumVisualStudioVersion = 10.0.40219.1
Project("{FAE04EC0-301F-11D3-BF4B-00C04F79EFBC}") = "Template", "Template\Template.csproj", "{32196F7E-8E4C-4570-98F7-8676097BE671}"
EndProject
Global
	GlobalSection(SolutionConfigurationPlatforms) = preSolution
		Debug|Any CPU = Debug|Any CPU
		Release|Any CPU = Release|Any CPU
	EndGlobalSection
	GlobalSection(ProjectConfigurationPlatforms) = postSolution
		{32196F7E-8E4C-4570-98F7-8676097BE671}.Debug|Any CPU.ActiveCfg = Debug|Any CPU
		{32196F7E-8E4C-4570-98F7-8676097BE671}.Debug|Any CPU.Build.0 = Debug|Any CPU
		{32196F7E-8E4C-4570-98F7-8676097BE671}.Release|Any CPU.ActiveCfg = Release|Any CPU
		{32196F7E-8E4C-4570-98F7-8676097BE671}.Release|Any CPU.Build.0 = Release|Any CPU
	EndGlobalSection
	GlobalSection(SolutionProperties) = preSolution
		HideSolutionNode = FALSE
	EndGlobalSection
	GlobalSection(ExtensibilityGlobals) = postSolution
		SolutionGuid = {30B4D5EC-D187-4F95-ABE6-CD745CA261EF}
	EndGlobalSection
EndGlobal
